
Microsoft Visual Studio Solution File, Format Version 12.00
# Visual Studio 2012
Project("{FAE04EC0-301F-11D3-BF4B-00C04F79EFBC}") = "01.ReadThreeIntegers", "01.ReadThreeIntegers\01.ReadThreeIntegers.csproj", "{0B2A9EC1-5CB8-47C2-B79C-635C5C1F7B16}"
EndProject
Project("{FAE04EC0-301F-11D3-BF4B-00C04F79EFBC}") = "02.ReadRadiusPrintPerimeter", "02.ReadRadiusPrintPerimeter\02.ReadRadiusPrintPerimeter.csproj", "{5B01A6C5-961E-48A5-B640-90C8DDA679BF}"
EndProject
Project("{FAE04EC0-301F-11D3-BF4B-00C04F79EFBC}") = "03.ReadCompanyData", "03.ReadCompanyData\03.ReadCompanyData.csproj", "{7725C76E-89FA-475C-A55C-93E5F14FB12B}"
EndProject
Project("{FAE04EC0-301F-11D3-BF4B-00C04F79EFBC}") = "04.NumbersInIntervalWithReminder0", "04.NumbersInIntervalWithReminder0\04.NumbersInIntervalWithReminder0.csproj", "{5E926A79-150D-4F21-82BA-A8009B3F22F2}"
EndProject
Project("{FAE04EC0-301F-11D3-BF4B-00C04F79EFBC}") = "05.GreaterOfTwoNumbers", "05.GreaterOfTwoNumbers\05.GreaterOfTwoNumbers.csproj", "{54499375-788D-49E8-BF8D-C03CB2D29A81}"
EndProject
Project("{FAE04EC0-301F-11D3-BF4B-00C04F79EFBC}") = "06.QuadraticEquationRoots", "06.QuadraticEquationRoots\06.QuadraticEquationRoots.csproj", "{35E11F67-DDF4-4E5B-8CBA-E5682B591B14}"
EndProject
Project("{FAE04EC0-301F-11D3-BF4B-00C04F79EFBC}") = "07.SumOfNNumbers", "07.SumOfNNumbers\07.SumOfNNumbers.csproj", "{8687C02B-90F6-4870-9606-B47F9024EC00}"
EndProject
Project("{FAE04EC0-301F-11D3-BF4B-00C04F79EFBC}") = "09.PrintFibonacciSequence", "09.PrintFibonacciSequence\09.PrintFibonacciSequence.csproj", "{7E2B69F4-AEB7-46E1-A523-AD642814E593}"
EndProject
Project("{FAE04EC0-301F-11D3-BF4B-00C04F79EFBC}") = "08.PrintNumbersInInterval", "08.PrintNumbersInInterval\08.PrintNumbersInInterval.csproj", "{6866878D-761E-4DD0-854F-9916F0B16FD8}"
EndProject
Project("{FAE04EC0-301F-11D3-BF4B-00C04F79EFBC}") = "10.CalculateSumWithAccuracy", "10.CalculateSumWithAccuracy\10.CalculateSumWithAccuracy.csproj", "{11D36EB6-F03E-4933-8B93-C77B559374C5}"
EndProject
Global
	GlobalSection(SolutionConfigurationPlatforms) = preSolution
		Debug|Any CPU = Debug|Any CPU
		Release|Any CPU = Release|Any CPU
	EndGlobalSection
	GlobalSection(ProjectConfigurationPlatforms) = postSolution
		{0B2A9EC1-5CB8-47C2-B79C-635C5C1F7B16}.Debug|Any CPU.ActiveCfg = Debug|Any CPU
		{0B2A9EC1-5CB8-47C2-B79C-635C5C1F7B16}.Debug|Any CPU.Build.0 = Debug|Any CPU
		{0B2A9EC1-5CB8-47C2-B79C-635C5C1F7B16}.Release|Any CPU.ActiveCfg = Release|Any CPU
		{0B2A9EC1-5CB8-47C2-B79C-635C5C1F7B16}.Release|Any CPU.Build.0 = Release|Any CPU
		{5B01A6C5-961E-48A5-B640-90C8DDA679BF}.Debug|Any CPU.ActiveCfg = Debug|Any CPU
		{5B01A6C5-961E-48A5-B640-90C8DDA679BF}.Debug|Any CPU.Build.0 = Debug|Any CPU
		{5B01A6C5-961E-48A5-B640-90C8DDA679BF}.Release|Any CPU.ActiveCfg = Release|Any CPU
		{5B01A6C5-961E-48A5-B640-90C8DDA679BF}.Release|Any CPU.Build.0 = Release|Any CPU
		{7725C76E-89FA-475C-A55C-93E5F14FB12B}.Debug|Any CPU.ActiveCfg = Debug|Any CPU
		{7725C76E-89FA-475C-A55C-93E5F14FB12B}.Debug|Any CPU.Build.0 = Debug|Any CPU
		{7725C76E-89FA-475C-A55C-93E5F14FB12B}.Release|Any CPU.ActiveCfg = Release|Any CPU
		{7725C76E-89FA-475C-A55C-93E5F14FB12B}.Release|Any CPU.Build.0 = Release|Any CPU
		{5E926A79-150D-4F21-82BA-A8009B3F22F2}.Debug|Any CPU.ActiveCfg = Debug|Any CPU
		{5E926A79-150D-4F21-82BA-A8009B3F22F2}.Debug|Any CPU.Build.0 = Debug|Any CPU
		{5E926A79-150D-4F21-82BA-A8009B3F22F2}.Release|Any CPU.ActiveCfg = Release|Any CPU
		{5E926A79-150D-4F21-82BA-A8009B3F22F2}.Release|Any CPU.Build.0 = Release|Any CPU
		{54499375-788D-49E8-BF8D-C03CB2D29A81}.Debug|Any CPU.ActiveCfg = Debug|Any CPU
		{54499375-788D-49E8-BF8D-C03CB2D29A81}.Debug|Any CPU.Build.0 = Debug|Any CPU
		{54499375-788D-49E8-BF8D-C03CB2D29A81}.Release|Any CPU.ActiveCfg = Release|Any CPU
		{54499375-788D-49E8-BF8D-C03CB2D29A81}.Release|Any CPU.Build.0 = Release|Any CPU
		{35E11F67-DDF4-4E5B-8CBA-E5682B591B14}.Debug|Any CPU.ActiveCfg = Debug|Any CPU
		{35E11F67-DDF4-4E5B-8CBA-E5682B591B14}.Debug|Any CPU.Build.0 = Debug|Any CPU
		{35E11F67-DDF4-4E5B-8CBA-E5682B591B14}.Release|Any CPU.ActiveCfg = Release|Any CPU
		{35E11F67-DDF4-4E5B-8CBA-E5682B591B14}.Release|Any CPU.Build.0 = Release|Any CPU
		{8687C02B-90F6-4870-9606-B47F9024EC00}.Debug|Any CPU.ActiveCfg = Debug|Any CPU
		{8687C02B-90F6-4870-9606-B47F9024EC00}.Debug|Any CPU.Build.0 = Debug|Any CPU
		{8687C02B-90F6-4870-9606-B47F9024EC00}.Release|Any CPU.ActiveCfg = Release|Any CPU
		{8687C02B-90F6-4870-9606-B47F9024EC00}.Release|Any CPU.Build.0 = Release|Any CPU
		{7E2B69F4-AEB7-46E1-A523-AD642814E593}.Debug|Any CPU.ActiveCfg = Debug|Any CPU
		{7E2B69F4-AEB7-46E1-A523-AD642814E593}.Debug|Any CPU.Build.0 = Debug|Any CPU
		{7E2B69F4-AEB7-46E1-A523-AD642814E593}.Release|Any CPU.ActiveCfg = Release|Any CPU
		{7E2B69F4-AEB7-46E1-A523-AD642814E593}.Release|Any CPU.Build.0 = Release|Any CPU
		{6866878D-761E-4DD0-854F-9916F0B16FD8}.Debug|Any CPU.ActiveCfg = Debug|Any CPU
		{6866878D-761E-4DD0-854F-9916F0B16FD8}.Debug|Any CPU.Build.0 = Debug|Any CPU
		{6866878D-761E-4DD0-854F-9916F0B16FD8}.Release|Any CPU.ActiveCfg = Release|Any CPU
		{6866878D-761E-4DD0-854F-9916F0B16FD8}.Release|Any CPU.Build.0 = Release|Any CPU
		{11D36EB6-F03E-4933-8B93-C77B559374C5}.Debug|Any CPU.ActiveCfg = Debug|Any CPU
		{11D36EB6-F03E-4933-8B93-C77B559374C5}.Debug|Any CPU.Build.0 = Debug|Any CPU
		{11D36EB6-F03E-4933-8B93-C77B559374C5}.Release|Any CPU.ActiveCfg = Release|Any CPU
		{11D36EB6-F03E-4933-8B93-C77B559374C5}.Release|Any CPU.Build.0 = Release|Any CPU
	EndGlobalSection
	GlobalSection(SolutionProperties) = preSolution
		HideSolutionNode = FALSE
	EndGlobalSection
EndGlobal
